# This file is automatically @generated by Cargo.
# It is not intended for manual editing.
version = 4

[[package]]
name = "retroforge"
version = "0.1.0"
dependencies = [
 "rf-core-api",
]

[[package]]
name = "rf-ai"
version = "0.1.0"

[[package]]
name = "rf-audio"
version = "0.1.0"

[[package]]
name = "rf-cache"
version = "0.1.0"

[[package]]
name = "rf-cart"
version = "0.1.0"

[[package]]
name = "rf-core-api"
version = "0.1.0"

[[package]]
name = "rf-debugger"
version = "0.1.0"

[[package]]
name = "rf-enhance"
version = "0.1.0"

[[package]]
name = "rf-harness"
version = "0.1.0"

[[package]]
name = "rf-input"
version = "0.1.0"

[[package]]
name = "rf-nes"
version = "0.1.0"

[[package]]
name = "rf-plugin-sdk"
version = "0.1.0"

[[package]]
name = "rf-profiles"
version = "0.1.0"

[[package]]
name = "rf-renderer"
version = "0.1.0"

[[package]]
name = "rf-snes"
version = "0.1.0"

[[package]]
name = "rf-state"
version = "0.1.0"
